
Microsoft Visual Studio Solution File, Format Version 12.00
# Visual Studio 15
VisualStudioVersion = 15.0.28307.168
MinimumVisualStudioVersion = 10.0.40219.1
Project("{8BC9CEB8-8B4A-11D0-8D11-00A0C91BC942}") = "img-ray-tracer", "img-ray-tracer\img-ray-tracer.vcxproj", "{71772D35-ED5F-48D3-B4D3-4E422D54EE0B}"
EndProject
Global
	GlobalSection(SolutionConfigurationPlatforms) = preSolution
		Debug|x64 = Debug|x64
		Debug|x86 = Debug|x86
		Release|x64 = Release|x64
		Release|x86 = Release|x86
	EndGlobalSection
	GlobalSection(ProjectConfigurationPlatforms) = postSolution
		{71772D35-ED5F-48D3-B4D3-4E422D54EE0B}.Debug|x64.ActiveCfg = Debug|x64
		{71772D35-ED5F-48D3-B4D3-4E422D54EE0B}.Debug|x64.Build.0 = Debug|x64
		{71772D35-ED5F-48D3-B4D3-4E422D54EE0B}.Debug|x86.ActiveCfg = Debug|Win32
		{71772D35-ED5F-48D3-B4D3-4E422D54EE0B}.Debug|x86.Build.0 = Debug|Win32
		{71772D35-ED5F-48D3-B4D3-4E422D54EE0B}.Release|x64.ActiveCfg = Release|x64
		{71772D35-ED5F-48D3-B4D3-4E422D54EE0B}.Release|x64.Build.0 = Release|x64
		{71772D35-ED5F-48D3-B4D3-4E422D54EE0B}.Release|x86.ActiveCfg = Release|Win32
		{71772D35-ED5F-48D3-B4D3-4E422D54EE0B}.Release|x86.Build.0 = Release|Win32
	EndGlobalSection
	GlobalSection(SolutionProperties) = preSolution
		HideSolutionNode = FALSE
	EndGlobalSection
	GlobalSection(ExtensibilityGlobals) = postSolution
		SolutionGuid = {37A82A6B-DD3B-400E-97E1-4DAF9CD02B40}
	EndGlobalSection
EndGlobal
